// !$*UTF8*$!
{
	archiveVersion = 1;
	classes = {
	};
	objectVersion = 56;
	objects = {

/* Begin PBXBuildFile section */
		AB45CA032A642EBE00A70CC2 /* SwiftUI_FirebaseApp.swift in Sources */ = {isa = PBXBuildFile; fileRef = AB45CA022A642EBE00A70CC2 /* SwiftUI_FirebaseApp.swift */; };
		AB45CA052A642EBE00A70CC2 /* ContentView.swift in Sources */ = {isa = PBXBuildFile; fileRef = AB45CA042A642EBE00A70CC2 /* ContentView.swift */; };
		AB45CA072A642EBF00A70CC2 /* Assets.xcassets in Resources */ = {isa = PBXBuildFile; fileRef = AB45CA062A642EBF00A70CC2 /* Assets.xcassets */; };
		AB45CA0A2A642EBF00A70CC2 /* Preview Assets.xcassets in Resources */ = {isa = PBXBuildFile; fileRef = AB45CA092A642EBF00A70CC2 /* Preview Assets.xcassets */; };
		AB45CA112A642FA000A70CC2 /* GoogleService-Info.plist in Resources */ = {isa = PBXBuildFile; fileRef = AB45CA102A642FA000A70CC2 /* GoogleService-Info.plist */; };
		AB45CA142A64305000A70CC2 /* FirebaseAnalytics in Frameworks */ = {isa = PBXBuildFile; productRef = AB45CA132A64305000A70CC2 /* FirebaseAnalytics */; };
		AB45CA162A64305000A70CC2 /* FirebaseAnalyticsSwift in Frameworks */ = {isa = PBXBuildFile; productRef = AB45CA152A64305000A70CC2 /* FirebaseAnalyticsSwift */; };
		AB45CA182A64305000A70CC2 /* FirebaseAuth in Frameworks */ = {isa = PBXBuildFile; productRef = AB45CA172A64305000A70CC2 /* FirebaseAuth */; };
		AB45CA1A2A64305000A70CC2 /* FirebaseDatabase in Frameworks */ = {isa = PBXBuildFile; productRef = AB45CA192A64305000A70CC2 /* FirebaseDatabase */; };
		AB45CA1C2A64305000A70CC2 /* FirebaseDatabaseSwift in Frameworks */ = {isa = PBXBuildFile; productRef = AB45CA1B2A64305000A70CC2 /* FirebaseDatabaseSwift */; };
		AB45CA1E2A64305000A70CC2 /* FirebaseFirestore in Frameworks */ = {isa = PBXBuildFile; productRef = AB45CA1D2A64305000A70CC2 /* FirebaseFirestore */; };
		AB45CA202A64305000A70CC2 /* FirebaseFirestoreSwift in Frameworks */ = {isa = PBXBuildFile; productRef = AB45CA1F2A64305000A70CC2 /* FirebaseFirestoreSwift */; };
		AB45CA222A64305000A70CC2 /* FirebaseStorage in Frameworks */ = {isa = PBXBuildFile; productRef = AB45CA212A64305000A70CC2 /* FirebaseStorage */; };
		AB45CA252A64330F00A70CC2 /* AuthView.swift in Sources */ = {isa = PBXBuildFile; fileRef = AB45CA242A64330F00A70CC2 /* AuthView.swift */; };
		AB45CA272A6433C200A70CC2 /* SignInEmailView.swift in Sources */ = {isa = PBXBuildFile; fileRef = AB45CA262A6433C200A70CC2 /* SignInEmailView.swift */; };
/* End PBXBuildFile section */

/* Begin PBXFileReference section */
		AB45C9FF2A642EBE00A70CC2 /* SwiftUI+Firebase.app */ = {isa = PBXFileReference; explicitFileType = wrapper.application; includeInIndex = 0; path = "SwiftUI+Firebase.app"; sourceTree = BUILT_PRODUCTS_DIR; };
		AB45CA022A642EBE00A70CC2 /* SwiftUI_FirebaseApp.swift */ = {isa = PBXFileReference; lastKnownFileType = sourcecode.swift; path = SwiftUI_FirebaseApp.swift; sourceTree = "<group>"; };
		AB45CA042A642EBE00A70CC2 /* ContentView.swift */ = {isa = PBXFileReference; lastKnownFileType = sourcecode.swift; path = ContentView.swift; sourceTree = "<group>"; };
		AB45CA062A642EBF00A70CC2 /* Assets.xcassets */ = {isa = PBXFileReference; lastKnownFileType = folder.assetcatalog; path = Assets.xcassets; sourceTree = "<group>"; };
		AB45CA092A642EBF00A70CC2 /* Preview Assets.xcassets */ = {isa = PBXFileReference; lastKnownFileType = folder.assetcatalog; path = "Preview Assets.xcassets"; sourceTree = "<group>"; };
		AB45CA102A642FA000A70CC2 /* GoogleService-Info.plist */ = {isa = PBXFileReference; fileEncoding = 4; lastKnownFileType = text.plist.xml; path = "GoogleService-Info.plist"; sourceTree = "<group>"; };
		AB45CA242A64330F00A70CC2 /* AuthView.swift */ = {isa = PBXFileReference; lastKnownFileType = sourcecode.swift; path = AuthView.swift; sourceTree = "<group>"; };
		AB45CA262A6433C200A70CC2 /* SignInEmailView.swift */ = {isa = PBXFileReference; lastKnownFileType = sourcecode.swift; path = SignInEmailView.swift; sourceTree = "<group>"; };
/* End PBXFileReference section */

/* Begin PBXFrameworksBuildPhase section */
		AB45C9FC2A642EBE00A70CC2 /* Frameworks */ = {
			isa = PBXFrameworksBuildPhase;
			buildActionMask = 2147483647;
			files = (
				AB45CA1C2A64305000A70CC2 /* FirebaseDatabaseSwift in Frameworks */,
				AB45CA162A64305000A70CC2 /* FirebaseAnalyticsSwift in Frameworks */,
				AB45CA182A64305000A70CC2 /* FirebaseAuth in Frameworks */,
				AB45CA202A64305000A70CC2 /* FirebaseFirestoreSwift in Frameworks */,
				AB45CA1A2A64305000A70CC2 /* FirebaseDatabase in Frameworks */,
				AB45CA222A64305000A70CC2 /* FirebaseStorage in Frameworks */,
				AB45CA142A64305000A70CC2 /* FirebaseAnalytics in Frameworks */,
				AB45CA1E2A64305000A70CC2 /* FirebaseFirestore in Frameworks */,
			);
			runOnlyForDeploymentPostprocessing = 0;
		};
/* End PBXFrameworksBuildPhase section */

/* Begin PBXGroup section */
		AB45C9F62A642EBE00A70CC2 = {
			isa = PBXGroup;
			children = (
				AB45CA012A642EBE00A70CC2 /* SwiftUI+Firebase */,
				AB45CA002A642EBE00A70CC2 /* Products */,
			);
			sourceTree = "<group>";
		};
		AB45CA002A642EBE00A70CC2 /* Products */ = {
			isa = PBXGroup;
			children = (
				AB45C9FF2A642EBE00A70CC2 /* SwiftUI+Firebase.app */,
			);
			name = Products;
			sourceTree = "<group>";
		};
		AB45CA012A642EBE00A70CC2 /* SwiftUI+Firebase */ = {
			isa = PBXGroup;
			children = (
				AB45CA232A6432FF00A70CC2 /* Auth */,
				AB45CA102A642FA000A70CC2 /* GoogleService-Info.plist */,
				AB45CA022A642EBE00A70CC2 /* SwiftUI_FirebaseApp.swift */,
				AB45CA042A642EBE00A70CC2 /* ContentView.swift */,
				AB45CA062A642EBF00A70CC2 /* Assets.xcassets */,
				AB45CA082A642EBF00A70CC2 /* Preview Content */,
			);
			path = "SwiftUI+Firebase";
			sourceTree = "<group>";
		};
		AB45CA082A642EBF00A70CC2 /* Preview Content */ = {
			isa = PBXGroup;
			children = (
				AB45CA092A642EBF00A70CC2 /* Preview Assets.xcassets */,
			);
			path = "Preview Content";
			sourceTree = "<group>";
		};
		AB45CA232A6432FF00A70CC2 /* Auth */ = {
			isa = PBXGroup;
			children = (
				AB45CA242A64330F00A70CC2 /* AuthView.swift */,
				AB45CA262A6433C200A70CC2 /* SignInEmailView.swift */,
			);
			path = Auth;
			sourceTree = "<group>";
		};
/* End PBXGroup section */

/* Begin PBXNativeTarget section */
		AB45C9FE2A642EBE00A70CC2 /* SwiftUI+Firebase */ = {
			isa = PBXNativeTarget;
			buildConfigurationList = AB45CA0D2A642EBF00A70CC2 /* Build configuration list for PBXNativeTarget "SwiftUI+Firebase" */;
			buildPhases = (
				AB45C9FB2A642EBE00A70CC2 /* Sources */,
				AB45C9FC2A642EBE00A70CC2 /* Frameworks */,
				AB45C9FD2A642EBE00A70CC2 /* Resources */,
			);
			buildRules = (
			);
			dependencies = (
			);
			name = "SwiftUI+Firebase";
			packageProductDependencies = (
				AB45CA132A64305000A70CC2 /* FirebaseAnalytics */,
				AB45CA152A64305000A70CC2 /* FirebaseAnalyticsSwift */,
				AB45CA172A64305000A70CC2 /* FirebaseAuth */,
				AB45CA192A64305000A70CC2 /* FirebaseDatabase */,
				AB45CA1B2A64305000A70CC2 /* FirebaseDatabaseSwift */,
				AB45CA1D2A64305000A70CC2 /* FirebaseFirestore */,
				AB45CA1F2A64305000A70CC2 /* FirebaseFirestoreSwift */,
				AB45CA212A64305000A70CC2 /* FirebaseStorage */,
			);
			productName = "SwiftUI+Firebase";
			productReference = AB45C9FF2A642EBE00A70CC2 /* SwiftUI+Firebase.app */;
			productType = "com.apple.product-type.application";
		};
/* End PBXNativeTarget section */

/* Begin PBXProject section */
		AB45C9F72A642EBE00A70CC2 /* Project object */ = {
			isa = PBXProject;
			attributes = {
				BuildIndependentTargetsInParallel = 1;
				LastSwiftUpdateCheck = 1430;
				LastUpgradeCheck = 1430;
				TargetAttributes = {
					AB45C9FE2A642EBE00A70CC2 = {
						CreatedOnToolsVersion = 14.3;
					};
				};
			};
			buildConfigurationList = AB45C9FA2A642EBE00A70CC2 /* Build configuration list for PBXProject "SwiftUI+Firebase" */;
			compatibilityVersion = "Xcode 14.0";
			developmentRegion = en;
			hasScannedForEncodings = 0;
			knownRegions = (
				en,
				Base,
			);
			mainGroup = AB45C9F62A642EBE00A70CC2;
			packageReferences = (
				AB45CA122A64305000A70CC2 /* XCRemoteSwiftPackageReference "firebase-ios-sdk" */,
			);
			productRefGroup = AB45CA002A642EBE00A70CC2 /* Products */;
			projectDirPath = "";
			projectRoot = "";
			targets = (
				AB45C9FE2A642EBE00A70CC2 /* SwiftUI+Firebase */,
			);
		};
/* End PBXProject section */

/* Begin PBXResourcesBuildPhase section */
		AB45C9FD2A642EBE00A70CC2 /* Resources */ = {
			isa = PBXResourcesBuildPhase;
			buildActionMask = 2147483647;
			files = (
				AB45CA0A2A642EBF00A70CC2 /* Preview Assets.xcassets in Resources */,
				AB45CA072A642EBF00A70CC2 /* Assets.xcassets in Resources */,
				AB45CA112A642FA000A70CC2 /* GoogleService-Info.plist in Resources */,
			);
			runOnlyForDeploymentPostprocessing = 0;
		};
/* End PBXResourcesBuildPhase section */

/* Begin PBXSourcesBuildPhase section */
		AB45C9FB2A642EBE00A70CC2 /* Sources */ = {
			isa = PBXSourcesBuildPhase;
			buildActionMask = 2147483647;
			files = (
				AB45CA052A642EBE00A70CC2 /* ContentView.swift in Sources */,
				AB45CA032A642EBE00A70CC2 /* SwiftUI_FirebaseApp.swift in Sources */,
				AB45CA252A64330F00A70CC2 /* AuthView.swift in Sources */,
				AB45CA272A6433C200A70CC2 /* SignInEmailView.swift in Sources */,
			);
			runOnlyForDeploymentPostprocessing = 0;
		};
/* End PBXSourcesBuildPhase section */

/* Begin XCBuildConfiguration section */
		AB45CA0B2A642EBF00A70CC2 /* Debug */ = {
			isa = XCBuildConfiguration;
			buildSettings = {
				ALWAYS_SEARCH_USER_PATHS = NO;
				CLANG_ANALYZER_NONNULL = YES;
				CLANG_ANALYZER_NUMBER_OBJECT_CONVERSION = YES_AGGRESSIVE;
				CLANG_CXX_LANGUAGE_STANDARD = "gnu++20";
				CLANG_ENABLE_MODULES = YES;
				CLANG_ENABLE_OBJC_ARC = YES;
				CLANG_ENABLE_OBJC_WEAK = YES;
				CLANG_WARN_BLOCK_CAPTURE_AUTORELEASING = YES;
				CLANG_WARN_BOOL_CONVERSION = YES;
				CLANG_WARN_COMMA = YES;
				CLANG_WARN_CONSTANT_CONVERSION = YES;
				CLANG_WARN_DEPRECATED_OBJC_IMPLEMENTATIONS = YES;
				CLANG_WARN_DIRECT_OBJC_ISA_USAGE = YES_ERROR;
				CLANG_WARN_DOCUMENTATION_COMMENTS = YES;
				CLANG_WARN_EMPTY_BODY = YES;
				CLANG_WARN_ENUM_CONVERSION = YES;
				CLANG_WARN_INFINITE_RECURSION = YES;
				CLANG_WARN_INT_CONVERSION = YES;
				CLANG_WARN_NON_LITERAL_NULL_CONVERSION = YES;
				CLANG_WARN_OBJC_IMPLICIT_RETAIN_SELF = YES;
				CLANG_WARN_OBJC_LITERAL_CONVERSION = YES;
				CLANG_WARN_OBJC_ROOT_CLASS = YES_ERROR;
				CLANG_WARN_QUOTED_INCLUDE_IN_FRAMEWORK_HEADER = YES;
				CLANG_WARN_RANGE_LOOP_ANALYSIS = YES;
				CLANG_WARN_STRICT_PROTOTYPES = YES;
				CLANG_WARN_SUSPICIOUS_MOVE = YES;
				CLANG_WARN_UNGUARDED_AVAILABILITY = YES_AGGRESSIVE;
				CLANG_WARN_UNREACHABLE_CODE = YES;
				CLANG_WARN__DUPLICATE_METHOD_MATCH = YES;
				COPY_PHASE_STRIP = NO;
				DEBUG_INFORMATION_FORMAT = dwarf;
				ENABLE_STRICT_OBJC_MSGSEND = YES;
				ENABLE_TESTABILITY = YES;
				GCC_C_LANGUAGE_STANDARD = gnu11;
				GCC_DYNAMIC_NO_PIC = NO;
				GCC_NO_COMMON_BLOCKS = YES;
				GCC_OPTIMIZATION_LEVEL = 0;
				GCC_PREPROCESSOR_DEFINITIONS = (
					"DEBUG=1",
					"$(inherited)",
				);
				GCC_WARN_64_TO_32_BIT_CONVERSION = YES;
				GCC_WARN_ABOUT_RETURN_TYPE = YES_ERROR;
				GCC_WARN_UNDECLARED_SELECTOR = YES;
				GCC_WARN_UNINITIALIZED_AUTOS = YES_AGGRESSIVE;
				GCC_WARN_UNUSED_FUNCTION = YES;
				GCC_WARN_UNUSED_VARIABLE = YES;
				IPHONEOS_DEPLOYMENT_TARGET = 16.4;
				MTL_ENABLE_DEBUG_INFO = INCLUDE_SOURCE;
				MTL_FAST_MATH = YES;
				ONLY_ACTIVE_ARCH = YES;
				SDKROOT = iphoneos;
				SWIFT_ACTIVE_COMPILATION_CONDITIONS = DEBUG;
				SWIFT_OPTIMIZATION_LEVEL = "-Onone";
			};
			name = Debug;
		};
		AB45CA0C2A642EBF00A70CC2 /* Release */ = {
			isa = XCBuildConfiguration;
			buildSettings = {
				ALWAYS_SEARCH_USER_PATHS = NO;
				CLANG_ANALYZER_NONNULL = YES;
				CLANG_ANALYZER_NUMBER_OBJECT_CONVERSION = YES_AGGRESSIVE;
				CLANG_CXX_LANGUAGE_STANDARD = "gnu++20";
				CLANG_ENABLE_MODULES = YES;
				CLANG_ENABLE_OBJC_ARC = YES;
				CLANG_ENABLE_OBJC_WEAK = YES;
				CLANG_WARN_BLOCK_CAPTURE_AUTORELEASING = YES;
				CLANG_WARN_BOOL_CONVERSION = YES;
				CLANG_WARN_COMMA = YES;
				CLANG_WARN_CONSTANT_CONVERSION = YES;
				CLANG_WARN_DEPRECATED_OBJC_IMPLEMENTATIONS = YES;
				CLANG_WARN_DIRECT_OBJC_ISA_USAGE = YES_ERROR;
				CLANG_WARN_DOCUMENTATION_COMMENTS = YES;
				CLANG_WARN_EMPTY_BODY = YES;
				CLANG_WARN_ENUM_CONVERSION = YES;
				CLANG_WARN_INFINITE_RECURSION = YES;
				CLANG_WARN_INT_CONVERSION = YES;
				CLANG_WARN_NON_LITERAL_NULL_CONVERSION = YES;
				CLANG_WARN_OBJC_IMPLICIT_RETAIN_SELF = YES;
				CLANG_WARN_OBJC_LITERAL_CONVERSION = YES;
				CLANG_WARN_OBJC_ROOT_CLASS = YES_ERROR;
				CLANG_WARN_QUOTED_INCLUDE_IN_FRAMEWORK_HEADER = YES;
				CLANG_WARN_RANGE_LOOP_ANALYSIS = YES;
				CLANG_WARN_STRICT_PROTOTYPES = YES;
				CLANG_WARN_SUSPICIOUS_MOVE = YES;
				CLANG_WARN_UNGUARDED_AVAILABILITY = YES_AGGRESSIVE;
				CLANG_WARN_UNREACHABLE_CODE = YES;
				CLANG_WARN__DUPLICATE_METHOD_MATCH = YES;
				COPY_PHASE_STRIP = NO;
				DEBUG_INFORMATION_FORMAT = "dwarf-with-dsym";
				ENABLE_NS_ASSERTIONS = NO;
				ENABLE_STRICT_OBJC_MSGSEND = YES;
				GCC_C_LANGUAGE_STANDARD = gnu11;
				GCC_NO_COMMON_BLOCKS = YES;
				GCC_WARN_64_TO_32_BIT_CONVERSION = YES;
				GCC_WARN_ABOUT_RETURN_TYPE = YES_ERROR;
				GCC_WARN_UNDECLARED_SELECTOR = YES;
				GCC_WARN_UNINITIALIZED_AUTOS = YES_AGGRESSIVE;
				GCC_WARN_UNUSED_FUNCTION = YES;
				GCC_WARN_UNUSED_VARIABLE = YES;
				IPHONEOS_DEPLOYMENT_TARGET = 16.4;
				MTL_ENABLE_DEBUG_INFO = NO;
				MTL_FAST_MATH = YES;
				SDKROOT = iphoneos;
				SWIFT_COMPILATION_MODE = wholemodule;
				SWIFT_OPTIMIZATION_LEVEL = "-O";
				VALIDATE_PRODUCT = YES;
			};
			name = Release;
		};
		AB45CA0E2A642EBF00A70CC2 /* Debug */ = {
			isa = XCBuildConfiguration;
			buildSettings = {
				ASSETCATALOG_COMPILER_APPICON_NAME = AppIcon;
				ASSETCATALOG_COMPILER_GLOBAL_ACCENT_COLOR_NAME = AccentColor;
				CODE_SIGN_STYLE = Automatic;
				CURRENT_PROJECT_VERSION = 1;
				DEVELOPMENT_ASSET_PATHS = "\"SwiftUI+Firebase/Preview Content\"";
				DEVELOPMENT_TEAM = N3H5YNSQ64;
				ENABLE_PREVIEWS = YES;
				GENERATE_INFOPLIST_FILE = YES;
				INFOPLIST_KEY_UIApplicationSceneManifest_Generation = YES;
				INFOPLIST_KEY_UIApplicationSupportsIndirectInputEvents = YES;
				INFOPLIST_KEY_UILaunchScreen_Generation = YES;
				INFOPLIST_KEY_UISupportedInterfaceOrientations_iPad = "UIInterfaceOrientationPortrait UIInterfaceOrientationPortraitUpsideDown UIInterfaceOrientationLandscapeLeft UIInterfaceOrientationLandscapeRight";
				INFOPLIST_KEY_UISupportedInterfaceOrientations_iPhone = "UIInterfaceOrientationPortrait UIInterfaceOrientationLandscapeLeft UIInterfaceOrientationLandscapeRight";
				IPHONEOS_DEPLOYMENT_TARGET = 16.0;
				LD_RUNPATH_SEARCH_PATHS = (
					"$(inherited)",
					"@executable_path/Frameworks",
				);
				MARKETING_VERSION = 1.0;
				PRODUCT_BUNDLE_IDENTIFIER = "min.SwiftUI-Firebase";
				PRODUCT_NAME = "$(TARGET_NAME)";
				SWIFT_EMIT_LOC_STRINGS = YES;
				SWIFT_VERSION = 5.0;
				TARGETED_DEVICE_FAMILY = "1,2";
			};
			name = Debug;
		};
		AB45CA0F2A642EBF00A70CC2 /* Release */ = {
			isa = XCBuildConfiguration;
			buildSettings = {
				ASSETCATALOG_COMPILER_APPICON_NAME = AppIcon;
				ASSETCATALOG_COMPILER_GLOBAL_ACCENT_COLOR_NAME = AccentColor;
				CODE_SIGN_STYLE = Automatic;
				CURRENT_PROJECT_VERSION = 1;
				DEVELOPMENT_ASSET_PATHS = "\"SwiftUI+Firebase/Preview Content\"";
				DEVELOPMENT_TEAM = N3H5YNSQ64;
				ENABLE_PREVIEWS = YES;
				GENERATE_INFOPLIST_FILE = YES;
				INFOPLIST_KEY_UIApplicationSceneManifest_Generation = YES;
				INFOPLIST_KEY_UIApplicationSupportsIndirectInputEvents = YES;
				INFOPLIST_KEY_UILaunchScreen_Generation = YES;
				INFOPLIST_KEY_UISupportedInterfaceOrientations_iPad = "UIInterfaceOrientationPortrait UIInterfaceOrientationPortraitUpsideDown UIInterfaceOrientationLandscapeLeft UIInterfaceOrientationLandscapeRight";
				INFOPLIST_KEY_UISupportedInterfaceOrientations_iPhone = "UIInterfaceOrientationPortrait UIInterfaceOrientationLandscapeLeft UIInterfaceOrientationLandscapeRight";
				IPHONEOS_DEPLOYMENT_TARGET = 16.0;
				LD_RUNPATH_SEARCH_PATHS = (
					"$(inherited)",
					"@executable_path/Frameworks",
				);
				MARKETING_VERSION = 1.0;
				PRODUCT_BUNDLE_IDENTIFIER = "min.SwiftUI-Firebase";
				PRODUCT_NAME = "$(TARGET_NAME)";
				SWIFT_EMIT_LOC_STRINGS = YES;
				SWIFT_VERSION = 5.0;
				TARGETED_DEVICE_FAMILY = "1,2";
			};
			name = Release;
		};
/* End XCBuildConfiguration section */

/* Begin XCConfigurationList section */
		AB45C9FA2A642EBE00A70CC2 /* Build configuration list for PBXProject "SwiftUI+Firebase" */ = {
			isa = XCConfigurationList;
			buildConfigurations = (
				AB45CA0B2A642EBF00A70CC2 /* Debug */,
				AB45CA0C2A642EBF00A70CC2 /* Release */,
			);
			defaultConfigurationIsVisible = 0;
			defaultConfigurationName = Release;
		};
		AB45CA0D2A642EBF00A70CC2 /* Build configuration list for PBXNativeTarget "SwiftUI+Firebase" */ = {
			isa = XCConfigurationList;
			buildConfigurations = (
				AB45CA0E2A642EBF00A70CC2 /* Debug */,
				AB45CA0F2A642EBF00A70CC2 /* Release */,
			);
			defaultConfigurationIsVisible = 0;
			defaultConfigurationName = Release;
		};
/* End XCConfigurationList section */

/* Begin XCRemoteSwiftPackageReference section */
		AB45CA122A64305000A70CC2 /* XCRemoteSwiftPackageReference "firebase-ios-sdk" */ = {
			isa = XCRemoteSwiftPackageReference;
			repositoryURL = "https://github.com/firebase/firebase-ios-sdk";
			requirement = {
				kind = upToNextMajorVersion;
				minimumVersion = 10.0.0;
			};
		};
/* End XCRemoteSwiftPackageReference section */

/* Begin XCSwiftPackageProductDependency section */
		AB45CA132A64305000A70CC2 /* FirebaseAnalytics */ = {
			isa = XCSwiftPackageProductDependency;
			package = AB45CA122A64305000A70CC2 /* XCRemoteSwiftPackageReference "firebase-ios-sdk" */;
			productName = FirebaseAnalytics;
		};
		AB45CA152A64305000A70CC2 /* FirebaseAnalyticsSwift */ = {
			isa = XCSwiftPackageProductDependency;
			package = AB45CA122A64305000A70CC2 /* XCRemoteSwiftPackageReference "firebase-ios-sdk" */;
			productName = FirebaseAnalyticsSwift;
		};
		AB45CA172A64305000A70CC2 /* FirebaseAuth */ = {
			isa = XCSwiftPackageProductDependency;
			package = AB45CA122A64305000A70CC2 /* XCRemoteSwiftPackageReference "firebase-ios-sdk" */;
			productName = FirebaseAuth;
		};
		AB45CA192A64305000A70CC2 /* FirebaseDatabase */ = {
			isa = XCSwiftPackageProductDependency;
			package = AB45CA122A64305000A70CC2 /* XCRemoteSwiftPackageReference "firebase-ios-sdk" */;
			productName = FirebaseDatabase;
		};
		AB45CA1B2A64305000A70CC2 /* FirebaseDatabaseSwift */ = {
			isa = XCSwiftPackageProductDependency;
			package = AB45CA122A64305000A70CC2 /* XCRemoteSwiftPackageReference "firebase-ios-sdk" */;
			productName = FirebaseDatabaseSwift;
		};
		AB45CA1D2A64305000A70CC2 /* FirebaseFirestore */ = {
			isa = XCSwiftPackageProductDependency;
			package = AB45CA122A64305000A70CC2 /* XCRemoteSwiftPackageReference "firebase-ios-sdk" */;
			productName = FirebaseFirestore;
		};
		AB45CA1F2A64305000A70CC2 /* FirebaseFirestoreSwift */ = {
			isa = XCSwiftPackageProductDependency;
			package = AB45CA122A64305000A70CC2 /* XCRemoteSwiftPackageReference "firebase-ios-sdk" */;
			productName = FirebaseFirestoreSwift;
		};
		AB45CA212A64305000A70CC2 /* FirebaseStorage */ = {
			isa = XCSwiftPackageProductDependency;
			package = AB45CA122A64305000A70CC2 /* XCRemoteSwiftPackageReference "firebase-ios-sdk" */;
			productName = FirebaseStorage;
		};
/* End XCSwiftPackageProductDependency section */
	};
	rootObject = AB45C9F72A642EBE00A70CC2 /* Project object */;
}
