// !$*UTF8*$!
{
	archiveVersion = 1;
	classes = {
	};
	objectVersion = 56;
	objects = {

/* Begin PBXBuildFile section */
		AB74062029ED6B3F00647CA6 /* SwiftUI_LabApp.swift in Sources */ = {isa = PBXBuildFile; fileRef = AB74061F29ED6B3F00647CA6 /* SwiftUI_LabApp.swift */; };
		AB74062229ED6B3F00647CA6 /* ContentView.swift in Sources */ = {isa = PBXBuildFile; fileRef = AB74062129ED6B3F00647CA6 /* ContentView.swift */; };
		AB74062429ED6B4000647CA6 /* Assets.xcassets in Resources */ = {isa = PBXBuildFile; fileRef = AB74062329ED6B4000647CA6 /* Assets.xcassets */; };
		AB74062729ED6B4000647CA6 /* Preview Assets.xcassets in Resources */ = {isa = PBXBuildFile; fileRef = AB74062629ED6B4000647CA6 /* Preview Assets.xcassets */; };
		AB74063229ED6C1E00647CA6 /* DaangnHomeView.swift in Sources */ = {isa = PBXBuildFile; fileRef = AB74063129ED6C1E00647CA6 /* DaangnHomeView.swift */; };
		AB74063429ED6C3D00647CA6 /* DaangnTownLifeView.swift in Sources */ = {isa = PBXBuildFile; fileRef = AB74063329ED6C3D00647CA6 /* DaangnTownLifeView.swift */; };
		AB74063629ED6C9200647CA6 /* BaseTabView.swift in Sources */ = {isa = PBXBuildFile; fileRef = AB74063529ED6C9200647CA6 /* BaseTabView.swift */; };
		AB74063829ED6D9700647CA6 /* DaangnNearMeView.swift in Sources */ = {isa = PBXBuildFile; fileRef = AB74063729ED6D9700647CA6 /* DaangnNearMeView.swift */; };
		AB74063A29ED6DA100647CA6 /* DaangnChatView.swift in Sources */ = {isa = PBXBuildFile; fileRef = AB74063929ED6DA100647CA6 /* DaangnChatView.swift */; };
		AB74063E29ED6DC900647CA6 /* DaangnMyView.swift in Sources */ = {isa = PBXBuildFile; fileRef = AB74063D29ED6DC900647CA6 /* DaangnMyView.swift */; };
/* End PBXBuildFile section */

/* Begin PBXFileReference section */
		AB74061C29ED6B3F00647CA6 /* SwiftUI-Lab.app */ = {isa = PBXFileReference; explicitFileType = wrapper.application; includeInIndex = 0; path = "SwiftUI-Lab.app"; sourceTree = BUILT_PRODUCTS_DIR; };
		AB74061F29ED6B3F00647CA6 /* SwiftUI_LabApp.swift */ = {isa = PBXFileReference; lastKnownFileType = sourcecode.swift; path = SwiftUI_LabApp.swift; sourceTree = "<group>"; };
		AB74062129ED6B3F00647CA6 /* ContentView.swift */ = {isa = PBXFileReference; lastKnownFileType = sourcecode.swift; path = ContentView.swift; sourceTree = "<group>"; };
		AB74062329ED6B4000647CA6 /* Assets.xcassets */ = {isa = PBXFileReference; lastKnownFileType = folder.assetcatalog; path = Assets.xcassets; sourceTree = "<group>"; };
		AB74062629ED6B4000647CA6 /* Preview Assets.xcassets */ = {isa = PBXFileReference; lastKnownFileType = folder.assetcatalog; path = "Preview Assets.xcassets"; sourceTree = "<group>"; };
		AB74063129ED6C1E00647CA6 /* DaangnHomeView.swift */ = {isa = PBXFileReference; lastKnownFileType = sourcecode.swift; path = DaangnHomeView.swift; sourceTree = "<group>"; };
		AB74063329ED6C3D00647CA6 /* DaangnTownLifeView.swift */ = {isa = PBXFileReference; lastKnownFileType = sourcecode.swift; path = DaangnTownLifeView.swift; sourceTree = "<group>"; };
		AB74063529ED6C9200647CA6 /* BaseTabView.swift */ = {isa = PBXFileReference; lastKnownFileType = sourcecode.swift; path = BaseTabView.swift; sourceTree = "<group>"; };
		AB74063729ED6D9700647CA6 /* DaangnNearMeView.swift */ = {isa = PBXFileReference; lastKnownFileType = sourcecode.swift; path = DaangnNearMeView.swift; sourceTree = "<group>"; };
		AB74063929ED6DA100647CA6 /* DaangnChatView.swift */ = {isa = PBXFileReference; lastKnownFileType = sourcecode.swift; path = DaangnChatView.swift; sourceTree = "<group>"; };
		AB74063D29ED6DC900647CA6 /* DaangnMyView.swift */ = {isa = PBXFileReference; lastKnownFileType = sourcecode.swift; path = DaangnMyView.swift; sourceTree = "<group>"; };
/* End PBXFileReference section */

/* Begin PBXFrameworksBuildPhase section */
		AB74061929ED6B3F00647CA6 /* Frameworks */ = {
			isa = PBXFrameworksBuildPhase;
			buildActionMask = 2147483647;
			files = (
			);
			runOnlyForDeploymentPostprocessing = 0;
		};
/* End PBXFrameworksBuildPhase section */

/* Begin PBXGroup section */
		AB74061329ED6B3F00647CA6 = {
			isa = PBXGroup;
			children = (
				AB74061E29ED6B3F00647CA6 /* SwiftUI-Lab */,
				AB74061D29ED6B3F00647CA6 /* Products */,
			);
			sourceTree = "<group>";
		};
		AB74061D29ED6B3F00647CA6 /* Products */ = {
			isa = PBXGroup;
			children = (
				AB74061C29ED6B3F00647CA6 /* SwiftUI-Lab.app */,
			);
			name = Products;
			sourceTree = "<group>";
		};
		AB74061E29ED6B3F00647CA6 /* SwiftUI-Lab */ = {
			isa = PBXGroup;
			children = (
				AB74062E29ED6BEF00647CA6 /* Daangn */,
				AB74062129ED6B3F00647CA6 /* ContentView.swift */,
				AB74061F29ED6B3F00647CA6 /* SwiftUI_LabApp.swift */,
				AB74062329ED6B4000647CA6 /* Assets.xcassets */,
				AB74062529ED6B4000647CA6 /* Preview Content */,
			);
			path = "SwiftUI-Lab";
			sourceTree = "<group>";
		};
		AB74062529ED6B4000647CA6 /* Preview Content */ = {
			isa = PBXGroup;
			children = (
				AB74062629ED6B4000647CA6 /* Preview Assets.xcassets */,
			);
			path = "Preview Content";
			sourceTree = "<group>";
		};
		AB74062E29ED6BEF00647CA6 /* Daangn */ = {
			isa = PBXGroup;
			children = (
				AB74063529ED6C9200647CA6 /* BaseTabView.swift */,
				AB74063129ED6C1E00647CA6 /* DaangnHomeView.swift */,
				AB74063329ED6C3D00647CA6 /* DaangnTownLifeView.swift */,
				AB74063729ED6D9700647CA6 /* DaangnNearMeView.swift */,
				AB74063929ED6DA100647CA6 /* DaangnChatView.swift */,
				AB74063D29ED6DC900647CA6 /* DaangnMyView.swift */,
			);
			path = Daangn;
			sourceTree = "<group>";
		};
/* End PBXGroup section */

/* Begin PBXNativeTarget section */
		AB74061B29ED6B3F00647CA6 /* SwiftUI-Lab */ = {
			isa = PBXNativeTarget;
			buildConfigurationList = AB74062A29ED6B4000647CA6 /* Build configuration list for PBXNativeTarget "SwiftUI-Lab" */;
			buildPhases = (
				AB74061829ED6B3F00647CA6 /* Sources */,
				AB74061929ED6B3F00647CA6 /* Frameworks */,
				AB74061A29ED6B3F00647CA6 /* Resources */,
			);
			buildRules = (
			);
			dependencies = (
			);
			name = "SwiftUI-Lab";
			productName = "SwiftUI-Lab";
			productReference = AB74061C29ED6B3F00647CA6 /* SwiftUI-Lab.app */;
			productType = "com.apple.product-type.application";
		};
/* End PBXNativeTarget section */

/* Begin PBXProject section */
		AB74061429ED6B3F00647CA6 /* Project object */ = {
			isa = PBXProject;
			attributes = {
				BuildIndependentTargetsInParallel = 1;
				LastSwiftUpdateCheck = 1420;
				LastUpgradeCheck = 1420;
				TargetAttributes = {
					AB74061B29ED6B3F00647CA6 = {
						CreatedOnToolsVersion = 14.2;
					};
				};
			};
			buildConfigurationList = AB74061729ED6B3F00647CA6 /* Build configuration list for PBXProject "SwiftUI-Lab" */;
			compatibilityVersion = "Xcode 14.0";
			developmentRegion = en;
			hasScannedForEncodings = 0;
			knownRegions = (
				en,
				Base,
			);
			mainGroup = AB74061329ED6B3F00647CA6;
			productRefGroup = AB74061D29ED6B3F00647CA6 /* Products */;
			projectDirPath = "";
			projectRoot = "";
			targets = (
				AB74061B29ED6B3F00647CA6 /* SwiftUI-Lab */,
			);
		};
/* End PBXProject section */

/* Begin PBXResourcesBuildPhase section */
		AB74061A29ED6B3F00647CA6 /* Resources */ = {
			isa = PBXResourcesBuildPhase;
			buildActionMask = 2147483647;
			files = (
				AB74062729ED6B4000647CA6 /* Preview Assets.xcassets in Resources */,
				AB74062429ED6B4000647CA6 /* Assets.xcassets in Resources */,
			);
			runOnlyForDeploymentPostprocessing = 0;
		};
/* End PBXResourcesBuildPhase section */

/* Begin PBXSourcesBuildPhase section */
		AB74061829ED6B3F00647CA6 /* Sources */ = {
			isa = PBXSourcesBuildPhase;
			buildActionMask = 2147483647;
			files = (
				AB74063629ED6C9200647CA6 /* BaseTabView.swift in Sources */,
				AB74062229ED6B3F00647CA6 /* ContentView.swift in Sources */,
				AB74062029ED6B3F00647CA6 /* SwiftUI_LabApp.swift in Sources */,
				AB74063829ED6D9700647CA6 /* DaangnNearMeView.swift in Sources */,
				AB74063229ED6C1E00647CA6 /* DaangnHomeView.swift in Sources */,
				AB74063A29ED6DA100647CA6 /* DaangnChatView.swift in Sources */,
				AB74063429ED6C3D00647CA6 /* DaangnTownLifeView.swift in Sources */,
				AB74063E29ED6DC900647CA6 /* DaangnMyView.swift in Sources */,
			);
			runOnlyForDeploymentPostprocessing = 0;
		};
/* End PBXSourcesBuildPhase section */

/* Begin XCBuildConfiguration section */
		AB74062829ED6B4000647CA6 /* Debug */ = {
			isa = XCBuildConfiguration;
			buildSettings = {
				ALWAYS_SEARCH_USER_PATHS = NO;
				CLANG_ANALYZER_NONNULL = YES;
				CLANG_ANALYZER_NUMBER_OBJECT_CONVERSION = YES_AGGRESSIVE;
				CLANG_CXX_LANGUAGE_STANDARD = "gnu++20";
				CLANG_ENABLE_MODULES = YES;
				CLANG_ENABLE_OBJC_ARC = YES;
				CLANG_ENABLE_OBJC_WEAK = YES;
				CLANG_WARN_BLOCK_CAPTURE_AUTORELEASING = YES;
				CLANG_WARN_BOOL_CONVERSION = YES;
				CLANG_WARN_COMMA = YES;
				CLANG_WARN_CONSTANT_CONVERSION = YES;
				CLANG_WARN_DEPRECATED_OBJC_IMPLEMENTATIONS = YES;
				CLANG_WARN_DIRECT_OBJC_ISA_USAGE = YES_ERROR;
				CLANG_WARN_DOCUMENTATION_COMMENTS = YES;
				CLANG_WARN_EMPTY_BODY = YES;
				CLANG_WARN_ENUM_CONVERSION = YES;
				CLANG_WARN_INFINITE_RECURSION = YES;
				CLANG_WARN_INT_CONVERSION = YES;
				CLANG_WARN_NON_LITERAL_NULL_CONVERSION = YES;
				CLANG_WARN_OBJC_IMPLICIT_RETAIN_SELF = YES;
				CLANG_WARN_OBJC_LITERAL_CONVERSION = YES;
				CLANG_WARN_OBJC_ROOT_CLASS = YES_ERROR;
				CLANG_WARN_QUOTED_INCLUDE_IN_FRAMEWORK_HEADER = YES;
				CLANG_WARN_RANGE_LOOP_ANALYSIS = YES;
				CLANG_WARN_STRICT_PROTOTYPES = YES;
				CLANG_WARN_SUSPICIOUS_MOVE = YES;
				CLANG_WARN_UNGUARDED_AVAILABILITY = YES_AGGRESSIVE;
				CLANG_WARN_UNREACHABLE_CODE = YES;
				CLANG_WARN__DUPLICATE_METHOD_MATCH = YES;
				COPY_PHASE_STRIP = NO;
				DEBUG_INFORMATION_FORMAT = dwarf;
				ENABLE_STRICT_OBJC_MSGSEND = YES;
				ENABLE_TESTABILITY = YES;
				GCC_C_LANGUAGE_STANDARD = gnu11;
				GCC_DYNAMIC_NO_PIC = NO;
				GCC_NO_COMMON_BLOCKS = YES;
				GCC_OPTIMIZATION_LEVEL = 0;
				GCC_PREPROCESSOR_DEFINITIONS = (
					"DEBUG=1",
					"$(inherited)",
				);
				GCC_WARN_64_TO_32_BIT_CONVERSION = YES;
				GCC_WARN_ABOUT_RETURN_TYPE = YES_ERROR;
				GCC_WARN_UNDECLARED_SELECTOR = YES;
				GCC_WARN_UNINITIALIZED_AUTOS = YES_AGGRESSIVE;
				GCC_WARN_UNUSED_FUNCTION = YES;
				GCC_WARN_UNUSED_VARIABLE = YES;
				IPHONEOS_DEPLOYMENT_TARGET = 16.2;
				MTL_ENABLE_DEBUG_INFO = INCLUDE_SOURCE;
				MTL_FAST_MATH = YES;
				ONLY_ACTIVE_ARCH = YES;
				SDKROOT = iphoneos;
				SWIFT_ACTIVE_COMPILATION_CONDITIONS = DEBUG;
				SWIFT_OPTIMIZATION_LEVEL = "-Onone";
			};
			name = Debug;
		};
		AB74062929ED6B4000647CA6 /* Release */ = {
			isa = XCBuildConfiguration;
			buildSettings = {
				ALWAYS_SEARCH_USER_PATHS = NO;
				CLANG_ANALYZER_NONNULL = YES;
				CLANG_ANALYZER_NUMBER_OBJECT_CONVERSION = YES_AGGRESSIVE;
				CLANG_CXX_LANGUAGE_STANDARD = "gnu++20";
				CLANG_ENABLE_MODULES = YES;
				CLANG_ENABLE_OBJC_ARC = YES;
				CLANG_ENABLE_OBJC_WEAK = YES;
				CLANG_WARN_BLOCK_CAPTURE_AUTORELEASING = YES;
				CLANG_WARN_BOOL_CONVERSION = YES;
				CLANG_WARN_COMMA = YES;
				CLANG_WARN_CONSTANT_CONVERSION = YES;
				CLANG_WARN_DEPRECATED_OBJC_IMPLEMENTATIONS = YES;
				CLANG_WARN_DIRECT_OBJC_ISA_USAGE = YES_ERROR;
				CLANG_WARN_DOCUMENTATION_COMMENTS = YES;
				CLANG_WARN_EMPTY_BODY = YES;
				CLANG_WARN_ENUM_CONVERSION = YES;
				CLANG_WARN_INFINITE_RECURSION = YES;
				CLANG_WARN_INT_CONVERSION = YES;
				CLANG_WARN_NON_LITERAL_NULL_CONVERSION = YES;
				CLANG_WARN_OBJC_IMPLICIT_RETAIN_SELF = YES;
				CLANG_WARN_OBJC_LITERAL_CONVERSION = YES;
				CLANG_WARN_OBJC_ROOT_CLASS = YES_ERROR;
				CLANG_WARN_QUOTED_INCLUDE_IN_FRAMEWORK_HEADER = YES;
				CLANG_WARN_RANGE_LOOP_ANALYSIS = YES;
				CLANG_WARN_STRICT_PROTOTYPES = YES;
				CLANG_WARN_SUSPICIOUS_MOVE = YES;
				CLANG_WARN_UNGUARDED_AVAILABILITY = YES_AGGRESSIVE;
				CLANG_WARN_UNREACHABLE_CODE = YES;
				CLANG_WARN__DUPLICATE_METHOD_MATCH = YES;
				COPY_PHASE_STRIP = NO;
				DEBUG_INFORMATION_FORMAT = "dwarf-with-dsym";
				ENABLE_NS_ASSERTIONS = NO;
				ENABLE_STRICT_OBJC_MSGSEND = YES;
				GCC_C_LANGUAGE_STANDARD = gnu11;
				GCC_NO_COMMON_BLOCKS = YES;
				GCC_WARN_64_TO_32_BIT_CONVERSION = YES;
				GCC_WARN_ABOUT_RETURN_TYPE = YES_ERROR;
				GCC_WARN_UNDECLARED_SELECTOR = YES;
				GCC_WARN_UNINITIALIZED_AUTOS = YES_AGGRESSIVE;
				GCC_WARN_UNUSED_FUNCTION = YES;
				GCC_WARN_UNUSED_VARIABLE = YES;
				IPHONEOS_DEPLOYMENT_TARGET = 16.2;
				MTL_ENABLE_DEBUG_INFO = NO;
				MTL_FAST_MATH = YES;
				SDKROOT = iphoneos;
				SWIFT_COMPILATION_MODE = wholemodule;
				SWIFT_OPTIMIZATION_LEVEL = "-O";
				VALIDATE_PRODUCT = YES;
			};
			name = Release;
		};
		AB74062B29ED6B4000647CA6 /* Debug */ = {
			isa = XCBuildConfiguration;
			buildSettings = {
				ASSETCATALOG_COMPILER_APPICON_NAME = AppIcon;
				ASSETCATALOG_COMPILER_GLOBAL_ACCENT_COLOR_NAME = AccentColor;
				CODE_SIGN_STYLE = Automatic;
				CURRENT_PROJECT_VERSION = 1;
				DEVELOPMENT_ASSET_PATHS = "\"SwiftUI-Lab/Preview Content\"";
				DEVELOPMENT_TEAM = N3H5YNSQ64;
				ENABLE_PREVIEWS = YES;
				GENERATE_INFOPLIST_FILE = YES;
				INFOPLIST_KEY_UIApplicationSceneManifest_Generation = YES;
				INFOPLIST_KEY_UIApplicationSupportsIndirectInputEvents = YES;
				INFOPLIST_KEY_UILaunchScreen_Generation = YES;
				INFOPLIST_KEY_UISupportedInterfaceOrientations_iPad = "UIInterfaceOrientationPortrait UIInterfaceOrientationPortraitUpsideDown UIInterfaceOrientationLandscapeLeft UIInterfaceOrientationLandscapeRight";
				INFOPLIST_KEY_UISupportedInterfaceOrientations_iPhone = "UIInterfaceOrientationPortrait UIInterfaceOrientationLandscapeLeft UIInterfaceOrientationLandscapeRight";
				LD_RUNPATH_SEARCH_PATHS = (
					"$(inherited)",
					"@executable_path/Frameworks",
				);
				MARKETING_VERSION = 1.0;
				PRODUCT_BUNDLE_IDENTIFIER = "min.SwiftUI-Lab";
				PRODUCT_NAME = "$(TARGET_NAME)";
				SWIFT_EMIT_LOC_STRINGS = YES;
				SWIFT_VERSION = 5.0;
				TARGETED_DEVICE_FAMILY = "1,2";
			};
			name = Debug;
		};
		AB74062C29ED6B4000647CA6 /* Release */ = {
			isa = XCBuildConfiguration;
			buildSettings = {
				ASSETCATALOG_COMPILER_APPICON_NAME = AppIcon;
				ASSETCATALOG_COMPILER_GLOBAL_ACCENT_COLOR_NAME = AccentColor;
				CODE_SIGN_STYLE = Automatic;
				CURRENT_PROJECT_VERSION = 1;
				DEVELOPMENT_ASSET_PATHS = "\"SwiftUI-Lab/Preview Content\"";
				DEVELOPMENT_TEAM = N3H5YNSQ64;
				ENABLE_PREVIEWS = YES;
				GENERATE_INFOPLIST_FILE = YES;
				INFOPLIST_KEY_UIApplicationSceneManifest_Generation = YES;
				INFOPLIST_KEY_UIApplicationSupportsIndirectInputEvents = YES;
				INFOPLIST_KEY_UILaunchScreen_Generation = YES;
				INFOPLIST_KEY_UISupportedInterfaceOrientations_iPad = "UIInterfaceOrientationPortrait UIInterfaceOrientationPortraitUpsideDown UIInterfaceOrientationLandscapeLeft UIInterfaceOrientationLandscapeRight";
				INFOPLIST_KEY_UISupportedInterfaceOrientations_iPhone = "UIInterfaceOrientationPortrait UIInterfaceOrientationLandscapeLeft UIInterfaceOrientationLandscapeRight";
				LD_RUNPATH_SEARCH_PATHS = (
					"$(inherited)",
					"@executable_path/Frameworks",
				);
				MARKETING_VERSION = 1.0;
				PRODUCT_BUNDLE_IDENTIFIER = "min.SwiftUI-Lab";
				PRODUCT_NAME = "$(TARGET_NAME)";
				SWIFT_EMIT_LOC_STRINGS = YES;
				SWIFT_VERSION = 5.0;
				TARGETED_DEVICE_FAMILY = "1,2";
			};
			name = Release;
		};
/* End XCBuildConfiguration section */

/* Begin XCConfigurationList section */
		AB74061729ED6B3F00647CA6 /* Build configuration list for PBXProject "SwiftUI-Lab" */ = {
			isa = XCConfigurationList;
			buildConfigurations = (
				AB74062829ED6B4000647CA6 /* Debug */,
				AB74062929ED6B4000647CA6 /* Release */,
			);
			defaultConfigurationIsVisible = 0;
			defaultConfigurationName = Release;
		};
		AB74062A29ED6B4000647CA6 /* Build configuration list for PBXNativeTarget "SwiftUI-Lab" */ = {
			isa = XCConfigurationList;
			buildConfigurations = (
				AB74062B29ED6B4000647CA6 /* Debug */,
				AB74062C29ED6B4000647CA6 /* Release */,
			);
			defaultConfigurationIsVisible = 0;
			defaultConfigurationName = Release;
		};
/* End XCConfigurationList section */
	};
	rootObject = AB74061429ED6B3F00647CA6 /* Project object */;
}
